// !$*UTF8*$!
{
	archiveVersion = 1;
	classes = {
	};
	objectVersion = 50;
	objects = {

/* Begin PBXBuildFile section */
		CEAEFDA125028C8C007EA415 /* AppDelegate.swift in Sources */ = {isa = PBXBuildFile; fileRef = CEAEFDA025028C8C007EA415 /* AppDelegate.swift */; };
		CEAEFDA325028C8C007EA415 /* SceneDelegate.swift in Sources */ = {isa = PBXBuildFile; fileRef = CEAEFDA225028C8C007EA415 /* SceneDelegate.swift */; };
		CEAEFDA525028C8C007EA415 /* ViewController.swift in Sources */ = {isa = PBXBuildFile; fileRef = CEAEFDA425028C8C007EA415 /* ViewController.swift */; };
		CEAEFDA825028C8C007EA415 /* Main.storyboard in Resources */ = {isa = PBXBuildFile; fileRef = CEAEFDA625028C8C007EA415 /* Main.storyboard */; };
		CEAEFDAA25028C8E007EA415 /* Assets.xcassets in Resources */ = {isa = PBXBuildFile; fileRef = CEAEFDA925028C8E007EA415 /* Assets.xcassets */; };
		CEAEFDAD25028C8E007EA415 /* LaunchScreen.storyboard in Resources */ = {isa = PBXBuildFile; fileRef = CEAEFDAB25028C8E007EA415 /* LaunchScreen.storyboard */; };
/* End PBXBuildFile section */

/* Begin PBXFileReference section */
		CEAEFD9D25028C8C007EA415 /* English Helper.app */ = {isa = PBXFileReference; explicitFileType = wrapper.application; includeInIndex = 0; path = "English Helper.app"; sourceTree = BUILT_PRODUCTS_DIR; };
		CEAEFDA025028C8C007EA415 /* AppDelegate.swift */ = {isa = PBXFileReference; lastKnownFileType = sourcecode.swift; path = AppDelegate.swift; sourceTree = "<group>"; };
		CEAEFDA225028C8C007EA415 /* SceneDelegate.swift */ = {isa = PBXFileReference; lastKnownFileType = sourcecode.swift; path = SceneDelegate.swift; sourceTree = "<group>"; };
		CEAEFDA425028C8C007EA415 /* ViewController.swift */ = {isa = PBXFileReference; lastKnownFileType = sourcecode.swift; path = ViewController.swift; sourceTree = "<group>"; };
		CEAEFDA725028C8C007EA415 /* Base */ = {isa = PBXFileReference; lastKnownFileType = file.storyboard; name = Base; path = Base.lproj/Main.storyboard; sourceTree = "<group>"; };
		CEAEFDA925028C8E007EA415 /* Assets.xcassets */ = {isa = PBXFileReference; lastKnownFileType = folder.assetcatalog; path = Assets.xcassets; sourceTree = "<group>"; };
		CEAEFDAC25028C8E007EA415 /* Base */ = {isa = PBXFileReference; lastKnownFileType = file.storyboard; name = Base; path = Base.lproj/LaunchScreen.storyboard; sourceTree = "<group>"; };
		CEAEFDAE25028C8E007EA415 /* Info.plist */ = {isa = PBXFileReference; lastKnownFileType = text.plist.xml; path = Info.plist; sourceTree = "<group>"; };
/* End PBXFileReference section */

/* Begin PBXFrameworksBuildPhase section */
		CEAEFD9A25028C8C007EA415 /* Frameworks */ = {
			isa = PBXFrameworksBuildPhase;
			buildActionMask = 2147483647;
			files = (
			);
			runOnlyForDeploymentPostprocessing = 0;
		};
/* End PBXFrameworksBuildPhase section */

/* Begin PBXGroup section */
		CEAEFD9425028C8C007EA415 = {
			isa = PBXGroup;
			children = (
				CEAEFD9F25028C8C007EA415 /* English Helper */,
				CEAEFD9E25028C8C007EA415 /* Products */,
			);
			sourceTree = "<group>";
		};
		CEAEFD9E25028C8C007EA415 /* Products */ = {
			isa = PBXGroup;
			children = (
				CEAEFD9D25028C8C007EA415 /* English Helper.app */,
			);
			name = Products;
			sourceTree = "<group>";
		};
		CEAEFD9F25028C8C007EA415 /* English Helper */ = {
			isa = PBXGroup;
			children = (
				CEAEFDA025028C8C007EA415 /* AppDelegate.swift */,
				CEAEFDA225028C8C007EA415 /* SceneDelegate.swift */,
				CEAEFDA425028C8C007EA415 /* ViewController.swift */,
				CEAEFDA625028C8C007EA415 /* Main.storyboard */,
				CEAEFDA925028C8E007EA415 /* Assets.xcassets */,
				CEAEFDAB25028C8E007EA415 /* LaunchScreen.storyboard */,
				CEAEFDAE25028C8E007EA415 /* Info.plist */,
			);
			path = "English Helper";
			sourceTree = "<group>";
		};
/* End PBXGroup section */

/* Begin PBXNativeTarget section */
		CEAEFD9C25028C8C007EA415 /* English Helper */ = {
			isa = PBXNativeTarget;
			buildConfigurationList = CEAEFDB125028C8E007EA415 /* Build configuration list for PBXNativeTarget "English Helper" */;
			buildPhases = (
				CEAEFD9925028C8C007EA415 /* Sources */,
				CEAEFD9A25028C8C007EA415 /* Frameworks */,
				CEAEFD9B25028C8C007EA415 /* Resources */,
			);
			buildRules = (
			);
			dependencies = (
			);
			name = "English Helper";
			productName = "English Helper";
			productReference = CEAEFD9D25028C8C007EA415 /* English Helper.app */;
			productType = "com.apple.product-type.application";
		};
/* End PBXNativeTarget section */

/* Begin PBXProject section */
		CEAEFD9525028C8C007EA415 /* Project object */ = {
			isa = PBXProject;
			attributes = {
				LastSwiftUpdateCheck = 1160;
				LastUpgradeCheck = 1160;
				ORGANIZATIONNAME = "Матвей Анисович";
				TargetAttributes = {
					CEAEFD9C25028C8C007EA415 = {
						CreatedOnToolsVersion = 11.6;
					};
				};
			};
			buildConfigurationList = CEAEFD9825028C8C007EA415 /* Build configuration list for PBXProject "English Helper" */;
			compatibilityVersion = "Xcode 9.3";
			developmentRegion = en;
			hasScannedForEncodings = 0;
			knownRegions = (
				en,
				Base,
			);
			mainGroup = CEAEFD9425028C8C007EA415;
			productRefGroup = CEAEFD9E25028C8C007EA415 /* Products */;
			projectDirPath = "";
			projectRoot = "";
			targets = (
				CEAEFD9C25028C8C007EA415 /* English Helper */,
			);
		};
/* End PBXProject section */

/* Begin PBXResourcesBuildPhase section */
		CEAEFD9B25028C8C007EA415 /* Resources */ = {
			isa = PBXResourcesBuildPhase;
			buildActionMask = 2147483647;
			files = (
				CEAEFDAD25028C8E007EA415 /* LaunchScreen.storyboard in Resources */,
				CEAEFDAA25028C8E007EA415 /* Assets.xcassets in Resources */,
				CEAEFDA825028C8C007EA415 /* Main.storyboard in Resources */,
			);
			runOnlyForDeploymentPostprocessing = 0;
		};
/* End PBXResourcesBuildPhase section */

/* Begin PBXSourcesBuildPhase section */
		CEAEFD9925028C8C007EA415 /* Sources */ = {
			isa = PBXSourcesBuildPhase;
			buildActionMask = 2147483647;
			files = (
				CEAEFDA525028C8C007EA415 /* ViewController.swift in Sources */,
				CEAEFDA125028C8C007EA415 /* AppDelegate.swift in Sources */,
				CEAEFDA325028C8C007EA415 /* SceneDelegate.swift in Sources */,
			);
			runOnlyForDeploymentPostprocessing = 0;
		};
/* End PBXSourcesBuildPhase section */

/* Begin PBXVariantGroup section */
		CEAEFDA625028C8C007EA415 /* Main.storyboard */ = {
			isa = PBXVariantGroup;
			children = (
				CEAEFDA725028C8C007EA415 /* Base */,
			);
			name = Main.storyboard;
			sourceTree = "<group>";
		};
		CEAEFDAB25028C8E007EA415 /* LaunchScreen.storyboard */ = {
			isa = PBXVariantGroup;
			children = (
				CEAEFDAC25028C8E007EA415 /* Base */,
			);
			name = LaunchScreen.storyboard;
			sourceTree = "<group>";
		};
/* End PBXVariantGroup section */

/* Begin XCBuildConfiguration section */
		CEAEFDAF25028C8E007EA415 /* Debug */ = {
			isa = XCBuildConfiguration;
			buildSettings = {
				ALWAYS_SEARCH_USER_PATHS = NO;
				CLANG_ANALYZER_NONNULL = YES;
				CLANG_ANALYZER_NUMBER_OBJECT_CONVERSION = YES_AGGRESSIVE;
				CLANG_CXX_LANGUAGE_STANDARD = "gnu++14";
				CLANG_CXX_LIBRARY = "libc++";
				CLANG_ENABLE_MODULES = YES;
				CLANG_ENABLE_OBJC_ARC = YES;
				CLANG_ENABLE_OBJC_WEAK = YES;
				CLANG_WARN_BLOCK_CAPTURE_AUTORELEASING = YES;
				CLANG_WARN_BOOL_CONVERSION = YES;
				CLANG_WARN_COMMA = YES;
				CLANG_WARN_CONSTANT_CONVERSION = YES;
				CLANG_WARN_DEPRECATED_OBJC_IMPLEMENTATIONS = YES;
				CLANG_WARN_DIRECT_OBJC_ISA_USAGE = YES_ERROR;
				CLANG_WARN_DOCUMENTATION_COMMENTS = YES;
				CLANG_WARN_EMPTY_BODY = YES;
				CLANG_WARN_ENUM_CONVERSION = YES;
				CLANG_WARN_INFINITE_RECURSION = YES;
				CLANG_WARN_INT_CONVERSION = YES;
				CLANG_WARN_NON_LITERAL_NULL_CONVERSION = YES;
				CLANG_WARN_OBJC_IMPLICIT_RETAIN_SELF = YES;
				CLANG_WARN_OBJC_LITERAL_CONVERSION = YES;
				CLANG_WARN_OBJC_ROOT_CLASS = YES_ERROR;
				CLANG_WARN_RANGE_LOOP_ANALYSIS = YES;
				CLANG_WARN_STRICT_PROTOTYPES = YES;
				CLANG_WARN_SUSPICIOUS_MOVE = YES;
				CLANG_WARN_UNGUARDED_AVAILABILITY = YES_AGGRESSIVE;
				CLANG_WARN_UNREACHABLE_CODE = YES;
				CLANG_WARN__DUPLICATE_METHOD_MATCH = YES;
				COPY_PHASE_STRIP = NO;
				DEBUG_INFORMATION_FORMAT = dwarf;
				ENABLE_STRICT_OBJC_MSGSEND = YES;
				ENABLE_TESTABILITY = YES;
				GCC_C_LANGUAGE_STANDARD = gnu11;
				GCC_DYNAMIC_NO_PIC = NO;
				GCC_NO_COMMON_BLOCKS = YES;
				GCC_OPTIMIZATION_LEVEL = 0;
				GCC_PREPROCESSOR_DEFINITIONS = (
					"DEBUG=1",
					"$(inherited)",
				);
				GCC_WARN_64_TO_32_BIT_CONVERSION = YES;
				GCC_WARN_ABOUT_RETURN_TYPE = YES_ERROR;
				GCC_WARN_UNDECLARED_SELECTOR = YES;
				GCC_WARN_UNINITIALIZED_AUTOS = YES_AGGRESSIVE;
				GCC_WARN_UNUSED_FUNCTION = YES;
				GCC_WARN_UNUSED_VARIABLE = YES;
				IPHONEOS_DEPLOYMENT_TARGET = 13.6;
				MTL_ENABLE_DEBUG_INFO = INCLUDE_SOURCE;
				MTL_FAST_MATH = YES;
				ONLY_ACTIVE_ARCH = YES;
				SDKROOT = iphoneos;
				SWIFT_ACTIVE_COMPILATION_CONDITIONS = DEBUG;
				SWIFT_OPTIMIZATION_LEVEL = "-Onone";
			};
			name = Debug;
		};
		CEAEFDB025028C8E007EA415 /* Release */ = {
			isa = XCBuildConfiguration;
			buildSettings = {
				ALWAYS_SEARCH_USER_PATHS = NO;
				CLANG_ANALYZER_NONNULL = YES;
				CLANG_ANALYZER_NUMBER_OBJECT_CONVERSION = YES_AGGRESSIVE;
				CLANG_CXX_LANGUAGE_STANDARD = "gnu++14";
				CLANG_CXX_LIBRARY = "libc++";
				CLANG_ENABLE_MODULES = YES;
				CLANG_ENABLE_OBJC_ARC = YES;
				CLANG_ENABLE_OBJC_WEAK = YES;
				CLANG_WARN_BLOCK_CAPTURE_AUTORELEASING = YES;
				CLANG_WARN_BOOL_CONVERSION = YES;
				CLANG_WARN_COMMA = YES;
				CLANG_WARN_CONSTANT_CONVERSION = YES;
				CLANG_WARN_DEPRECATED_OBJC_IMPLEMENTATIONS = YES;
				CLANG_WARN_DIRECT_OBJC_ISA_USAGE = YES_ERROR;
				CLANG_WARN_DOCUMENTATION_COMMENTS = YES;
				CLANG_WARN_EMPTY_BODY = YES;
				CLANG_WARN_ENUM_CONVERSION = YES;
				CLANG_WARN_INFINITE_RECURSION = YES;
				CLANG_WARN_INT_CONVERSION = YES;
				CLANG_WARN_NON_LITERAL_NULL_CONVERSION = YES;
				CLANG_WARN_OBJC_IMPLICIT_RETAIN_SELF = YES;
				CLANG_WARN_OBJC_LITERAL_CONVERSION = YES;
				CLANG_WARN_OBJC_ROOT_CLASS = YES_ERROR;
				CLANG_WARN_RANGE_LOOP_ANALYSIS = YES;
				CLANG_WARN_STRICT_PROTOTYPES = YES;
				CLANG_WARN_SUSPICIOUS_MOVE = YES;
				CLANG_WARN_UNGUARDED_AVAILABILITY = YES_AGGRESSIVE;
				CLANG_WARN_UNREACHABLE_CODE = YES;
				CLANG_WARN__DUPLICATE_METHOD_MATCH = YES;
				COPY_PHASE_STRIP = NO;
				DEBUG_INFORMATION_FORMAT = "dwarf-with-dsym";
				ENABLE_NS_ASSERTIONS = NO;
				ENABLE_STRICT_OBJC_MSGSEND = YES;
				GCC_C_LANGUAGE_STANDARD = gnu11;
				GCC_NO_COMMON_BLOCKS = YES;
				GCC_WARN_64_TO_32_BIT_CONVERSION = YES;
				GCC_WARN_ABOUT_RETURN_TYPE = YES_ERROR;
				GCC_WARN_UNDECLARED_SELECTOR = YES;
				GCC_WARN_UNINITIALIZED_AUTOS = YES_AGGRESSIVE;
				GCC_WARN_UNUSED_FUNCTION = YES;
				GCC_WARN_UNUSED_VARIABLE = YES;
				IPHONEOS_DEPLOYMENT_TARGET = 13.6;
				MTL_ENABLE_DEBUG_INFO = NO;
				MTL_FAST_MATH = YES;
				SDKROOT = iphoneos;
				SWIFT_COMPILATION_MODE = wholemodule;
				SWIFT_OPTIMIZATION_LEVEL = "-O";
				VALIDATE_PRODUCT = YES;
			};
			name = Release;
		};
		CEAEFDB225028C8E007EA415 /* Debug */ = {
			isa = XCBuildConfiguration;
			buildSettings = {
				ASSETCATALOG_COMPILER_APPICON_NAME = AppIcon;
				CODE_SIGN_STYLE = Automatic;
				DEVELOPMENT_TEAM = 92S6JX27W2;
				INFOPLIST_FILE = "English Helper/Info.plist";
				LD_RUNPATH_SEARCH_PATHS = (
					"$(inherited)",
					"@executable_path/Frameworks",
				);
				PRODUCT_BUNDLE_IDENTIFIER = "com.exerhythm.English-Helper";
				PRODUCT_NAME = "$(TARGET_NAME)";
				SWIFT_VERSION = 5.0;
				TARGETED_DEVICE_FAMILY = "1,2";
			};
			name = Debug;
		};
		CEAEFDB325028C8E007EA415 /* Release */ = {
			isa = XCBuildConfiguration;
			buildSettings = {
				ASSETCATALOG_COMPILER_APPICON_NAME = AppIcon;
				CODE_SIGN_STYLE = Automatic;
				DEVELOPMENT_TEAM = 92S6JX27W2;
				INFOPLIST_FILE = "English Helper/Info.plist";
				LD_RUNPATH_SEARCH_PATHS = (
					"$(inherited)",
					"@executable_path/Frameworks",
				);
				PRODUCT_BUNDLE_IDENTIFIER = "com.exerhythm.English-Helper";
				PRODUCT_NAME = "$(TARGET_NAME)";
				SWIFT_VERSION = 5.0;
				TARGETED_DEVICE_FAMILY = "1,2";
			};
			name = Release;
		};
/* End XCBuildConfiguration section */

/* Begin XCConfigurationList section */
		CEAEFD9825028C8C007EA415 /* Build configuration list for PBXProject "English Helper" */ = {
			isa = XCConfigurationList;
			buildConfigurations = (
				CEAEFDAF25028C8E007EA415 /* Debug */,
				CEAEFDB025028C8E007EA415 /* Release */,
			);
			defaultConfigurationIsVisible = 0;
			defaultConfigurationName = Release;
		};
		CEAEFDB125028C8E007EA415 /* Build configuration list for PBXNativeTarget "English Helper" */ = {
			isa = XCConfigurationList;
			buildConfigurations = (
				CEAEFDB225028C8E007EA415 /* Debug */,
				CEAEFDB325028C8E007EA415 /* Release */,
			);
			defaultConfigurationIsVisible = 0;
			defaultConfigurationName = Release;
		};
/* End XCConfigurationList section */
	};
	rootObject = CEAEFD9525028C8C007EA415 /* Project object */;
}
